// !$*UTF8*$!
{
	archiveVersion = 1;
	classes = {
	};
	objectVersion = 48;
	objects = {

/* Begin PBXBuildFile section */
		5D38A39020054F2B00172173 /* AppDelegate.swift in Sources */ = {isa = PBXBuildFile; fileRef = 5D38A38F20054F2B00172173 /* AppDelegate.swift */; };
		5D38A39220054F2B00172173 /* ViewController.swift in Sources */ = {isa = PBXBuildFile; fileRef = 5D38A39120054F2B00172173 /* ViewController.swift */; };
		5D38A39520054F2B00172173 /* Main.storyboard in Resources */ = {isa = PBXBuildFile; fileRef = 5D38A39320054F2B00172173 /* Main.storyboard */; };
		5D38A39720054F2B00172173 /* Assets.xcassets in Resources */ = {isa = PBXBuildFile; fileRef = 5D38A39620054F2B00172173 /* Assets.xcassets */; };
		5D38A39A20054F2B00172173 /* LaunchScreen.storyboard in Resources */ = {isa = PBXBuildFile; fileRef = 5D38A39820054F2B00172173 /* LaunchScreen.storyboard */; };
		5D38A3AA20054F8700172173 /* SandBoxUIFramework.h in Headers */ = {isa = PBXBuildFile; fileRef = 5D38A3A820054F8600172173 /* SandBoxUIFramework.h */; settings = {ATTRIBUTES = (Public, ); }; };
		5D38A3AD20054F8700172173 /* SandBoxUIFramework.framework in Frameworks */ = {isa = PBXBuildFile; fileRef = 5D38A3A620054F8600172173 /* SandBoxUIFramework.framework */; };
		5D38A3AE20054F8700172173 /* SandBoxUIFramework.framework in Embed Frameworks */ = {isa = PBXBuildFile; fileRef = 5D38A3A620054F8600172173 /* SandBoxUIFramework.framework */; settings = {ATTRIBUTES = (CodeSignOnCopy, RemoveHeadersOnCopy, ); }; };
		5D38A3B320054FE100172173 /* AppDelegate.swift in Sources */ = {isa = PBXBuildFile; fileRef = 5D38A38F20054F2B00172173 /* AppDelegate.swift */; };
		5D38A3B52005502300172173 /* File.swift in Sources */ = {isa = PBXBuildFile; fileRef = 5D38A3B42005502300172173 /* File.swift */; };
		5D38A3B62005502300172173 /* File.swift in Sources */ = {isa = PBXBuildFile; fileRef = 5D38A3B42005502300172173 /* File.swift */; };
		88B3635E79B4B4AAE0EE4FB6 /* Pods_SandBoxUIFramework.framework in Frameworks */ = {isa = PBXBuildFile; fileRef = FFEC2CA5F36B8AB5A3C103E3 /* Pods_SandBoxUIFramework.framework */; };
		93FD7A7362F018CC52D592FA /* Pods_SandBox.framework in Frameworks */ = {isa = PBXBuildFile; fileRef = 38CB8CC7B2CC1D1D43B9FD18 /* Pods_SandBox.framework */; };
/* End PBXBuildFile section */

/* Begin PBXContainerItemProxy section */
		5D38A3AB20054F8700172173 /* PBXContainerItemProxy */ = {
			isa = PBXContainerItemProxy;
			containerPortal = 5D38A38420054F2B00172173 /* Project object */;
			proxyType = 1;
			remoteGlobalIDString = 5D38A3A520054F8600172173;
			remoteInfo = SandBoxUIFramework;
		};
/* End PBXContainerItemProxy section */

/* Begin PBXCopyFilesBuildPhase section */
		5D38A3B220054F8700172173 /* Embed Frameworks */ = {
			isa = PBXCopyFilesBuildPhase;
			buildActionMask = 2147483647;
			dstPath = "";
			dstSubfolderSpec = 10;
			files = (
				5D38A3AE20054F8700172173 /* SandBoxUIFramework.framework in Embed Frameworks */,
			);
			name = "Embed Frameworks";
			runOnlyForDeploymentPostprocessing = 0;
		};
/* End PBXCopyFilesBuildPhase section */

/* Begin PBXFileReference section */
		38CB8CC7B2CC1D1D43B9FD18 /* Pods_SandBox.framework */ = {isa = PBXFileReference; explicitFileType = wrapper.framework; includeInIndex = 0; path = Pods_SandBox.framework; sourceTree = BUILT_PRODUCTS_DIR; };
		5D38A38C20054F2B00172173 /* SandBox.app */ = {isa = PBXFileReference; explicitFileType = wrapper.application; includeInIndex = 0; path = SandBox.app; sourceTree = BUILT_PRODUCTS_DIR; };
		5D38A38F20054F2B00172173 /* AppDelegate.swift */ = {isa = PBXFileReference; lastKnownFileType = sourcecode.swift; path = AppDelegate.swift; sourceTree = "<group>"; };
		5D38A39120054F2B00172173 /* ViewController.swift */ = {isa = PBXFileReference; lastKnownFileType = sourcecode.swift; path = ViewController.swift; sourceTree = "<group>"; };
		5D38A39420054F2B00172173 /* Base */ = {isa = PBXFileReference; lastKnownFileType = file.storyboard; name = Base; path = Base.lproj/Main.storyboard; sourceTree = "<group>"; };
		5D38A39620054F2B00172173 /* Assets.xcassets */ = {isa = PBXFileReference; lastKnownFileType = folder.assetcatalog; path = Assets.xcassets; sourceTree = "<group>"; };
		5D38A39920054F2B00172173 /* Base */ = {isa = PBXFileReference; lastKnownFileType = file.storyboard; name = Base; path = Base.lproj/LaunchScreen.storyboard; sourceTree = "<group>"; };
		5D38A39B20054F2B00172173 /* Info.plist */ = {isa = PBXFileReference; lastKnownFileType = text.plist.xml; path = Info.plist; sourceTree = "<group>"; };
		5D38A3A620054F8600172173 /* SandBoxUIFramework.framework */ = {isa = PBXFileReference; explicitFileType = wrapper.framework; includeInIndex = 0; path = SandBoxUIFramework.framework; sourceTree = BUILT_PRODUCTS_DIR; };
		5D38A3A820054F8600172173 /* SandBoxUIFramework.h */ = {isa = PBXFileReference; lastKnownFileType = sourcecode.c.h; path = SandBoxUIFramework.h; sourceTree = "<group>"; };
		5D38A3A920054F8700172173 /* Info.plist */ = {isa = PBXFileReference; lastKnownFileType = text.plist.xml; path = Info.plist; sourceTree = "<group>"; };
		5D38A3B42005502300172173 /* File.swift */ = {isa = PBXFileReference; lastKnownFileType = sourcecode.swift; path = File.swift; sourceTree = "<group>"; };
		5D38A3B7200550F200172173 /* MyPlayground.playground */ = {isa = PBXFileReference; lastKnownFileType = file.playground; path = MyPlayground.playground; sourceTree = "<group>"; xcLanguageSpecificationIdentifier = xcode.lang.swift; };
		62A8C6CCECC2B6B8A3588348 /* Pods-SandBox.release.xcconfig */ = {isa = PBXFileReference; includeInIndex = 1; lastKnownFileType = text.xcconfig; name = "Pods-SandBox.release.xcconfig"; path = "Pods/Target Support Files/Pods-SandBox/Pods-SandBox.release.xcconfig"; sourceTree = "<group>"; };
		746C6F97F2C731F1569F0EFD /* Pods-SandBox.debug.xcconfig */ = {isa = PBXFileReference; includeInIndex = 1; lastKnownFileType = text.xcconfig; name = "Pods-SandBox.debug.xcconfig"; path = "Pods/Target Support Files/Pods-SandBox/Pods-SandBox.debug.xcconfig"; sourceTree = "<group>"; };
		7AFBC24354F28CA0C6745825 /* Pods-SandBoxUIFramework.release.xcconfig */ = {isa = PBXFileReference; includeInIndex = 1; lastKnownFileType = text.xcconfig; name = "Pods-SandBoxUIFramework.release.xcconfig"; path = "Pods/Target Support Files/Pods-SandBoxUIFramework/Pods-SandBoxUIFramework.release.xcconfig"; sourceTree = "<group>"; };
		CDF3B044CD7D3A869CBCD1FD /* Pods-SandBoxUIFramework.debug.xcconfig */ = {isa = PBXFileReference; includeInIndex = 1; lastKnownFileType = text.xcconfig; name = "Pods-SandBoxUIFramework.debug.xcconfig"; path = "Pods/Target Support Files/Pods-SandBoxUIFramework/Pods-SandBoxUIFramework.debug.xcconfig"; sourceTree = "<group>"; };
		FFEC2CA5F36B8AB5A3C103E3 /* Pods_SandBoxUIFramework.framework */ = {isa = PBXFileReference; explicitFileType = wrapper.framework; includeInIndex = 0; path = Pods_SandBoxUIFramework.framework; sourceTree = BUILT_PRODUCTS_DIR; };
/* End PBXFileReference section */

/* Begin PBXFrameworksBuildPhase section */
		5D38A38920054F2B00172173 /* Frameworks */ = {
			isa = PBXFrameworksBuildPhase;
			buildActionMask = 2147483647;
			files = (
				5D38A3AD20054F8700172173 /* SandBoxUIFramework.framework in Frameworks */,
				93FD7A7362F018CC52D592FA /* Pods_SandBox.framework in Frameworks */,
			);
			runOnlyForDeploymentPostprocessing = 0;
		};
		5D38A3A220054F8600172173 /* Frameworks */ = {
			isa = PBXFrameworksBuildPhase;
			buildActionMask = 2147483647;
			files = (
				88B3635E79B4B4AAE0EE4FB6 /* Pods_SandBoxUIFramework.framework in Frameworks */,
			);
			runOnlyForDeploymentPostprocessing = 0;
		};
/* End PBXFrameworksBuildPhase section */

/* Begin PBXGroup section */
		5D38A38320054F2B00172173 = {
			isa = PBXGroup;
			children = (
				5D38A38E20054F2B00172173 /* SandBox */,
				5D38A3A720054F8600172173 /* SandBoxUIFramework */,
				5D38A38D20054F2B00172173 /* Products */,
				F867320F16BF1FD66CA073CA /* Pods */,
				5EE1A18D8EBA2FC57ECFFD26 /* Frameworks */,
			);
			sourceTree = "<group>";
		};
		5D38A38D20054F2B00172173 /* Products */ = {
			isa = PBXGroup;
			children = (
				5D38A38C20054F2B00172173 /* SandBox.app */,
				5D38A3A620054F8600172173 /* SandBoxUIFramework.framework */,
			);
			name = Products;
			sourceTree = "<group>";
		};
		5D38A38E20054F2B00172173 /* SandBox */ = {
			isa = PBXGroup;
			children = (
				5D38A3B7200550F200172173 /* MyPlayground.playground */,
				5D38A38F20054F2B00172173 /* AppDelegate.swift */,
				5D38A3B42005502300172173 /* File.swift */,
				5D38A39120054F2B00172173 /* ViewController.swift */,
				5D38A39320054F2B00172173 /* Main.storyboard */,
				5D38A39620054F2B00172173 /* Assets.xcassets */,
				5D38A39820054F2B00172173 /* LaunchScreen.storyboard */,
				5D38A39B20054F2B00172173 /* Info.plist */,
			);
			path = SandBox;
			sourceTree = "<group>";
		};
		5D38A3A720054F8600172173 /* SandBoxUIFramework */ = {
			isa = PBXGroup;
			children = (
				5D38A3A820054F8600172173 /* SandBoxUIFramework.h */,
				5D38A3A920054F8700172173 /* Info.plist */,
			);
			path = SandBoxUIFramework;
			sourceTree = "<group>";
		};
		5EE1A18D8EBA2FC57ECFFD26 /* Frameworks */ = {
			isa = PBXGroup;
			children = (
				38CB8CC7B2CC1D1D43B9FD18 /* Pods_SandBox.framework */,
				FFEC2CA5F36B8AB5A3C103E3 /* Pods_SandBoxUIFramework.framework */,
			);
			name = Frameworks;
			sourceTree = "<group>";
		};
		F867320F16BF1FD66CA073CA /* Pods */ = {
			isa = PBXGroup;
			children = (
				746C6F97F2C731F1569F0EFD /* Pods-SandBox.debug.xcconfig */,
				62A8C6CCECC2B6B8A3588348 /* Pods-SandBox.release.xcconfig */,
				CDF3B044CD7D3A869CBCD1FD /* Pods-SandBoxUIFramework.debug.xcconfig */,
				7AFBC24354F28CA0C6745825 /* Pods-SandBoxUIFramework.release.xcconfig */,
			);
			name = Pods;
			sourceTree = "<group>";
		};
/* End PBXGroup section */

/* Begin PBXHeadersBuildPhase section */
		5D38A3A320054F8600172173 /* Headers */ = {
			isa = PBXHeadersBuildPhase;
			buildActionMask = 2147483647;
			files = (
				5D38A3AA20054F8700172173 /* SandBoxUIFramework.h in Headers */,
			);
			runOnlyForDeploymentPostprocessing = 0;
		};
/* End PBXHeadersBuildPhase section */

/* Begin PBXNativeTarget section */
		5D38A38B20054F2B00172173 /* SandBox */ = {
			isa = PBXNativeTarget;
			buildConfigurationList = 5D38A39E20054F2B00172173 /* Build configuration list for PBXNativeTarget "SandBox" */;
			buildPhases = (
				1CD448D08FC3999D306628D7 /* [CP] Check Pods Manifest.lock */,
				5D38A38820054F2B00172173 /* Sources */,
				5D38A38920054F2B00172173 /* Frameworks */,
				5D38A38A20054F2B00172173 /* Resources */,
				5D38A3B220054F8700172173 /* Embed Frameworks */,
				C6FD57D9925968C405743AB2 /* [CP] Embed Pods Frameworks */,
				288FB9094180C20F210F08F4 /* [CP] Copy Pods Resources */,
			);
			buildRules = (
			);
			dependencies = (
				5D38A3AC20054F8700172173 /* PBXTargetDependency */,
			);
			name = SandBox;
			productName = SandBox;
			productReference = 5D38A38C20054F2B00172173 /* SandBox.app */;
			productType = "com.apple.product-type.application";
		};
		5D38A3A520054F8600172173 /* SandBoxUIFramework */ = {
			isa = PBXNativeTarget;
			buildConfigurationList = 5D38A3B120054F8700172173 /* Build configuration list for PBXNativeTarget "SandBoxUIFramework" */;
			buildPhases = (
				3F98EA4F785425E5202AE202 /* [CP] Check Pods Manifest.lock */,
				5D38A3A120054F8600172173 /* Sources */,
				5D38A3A220054F8600172173 /* Frameworks */,
				5D38A3A320054F8600172173 /* Headers */,
				5D38A3A420054F8600172173 /* Resources */,
				979F3E25D497D87B04B729F3 /* [CP] Copy Pods Resources */,
			);
			buildRules = (
			);
			dependencies = (
			);
			name = SandBoxUIFramework;
			productName = SandBoxUIFramework;
			productReference = 5D38A3A620054F8600172173 /* SandBoxUIFramework.framework */;
			productType = "com.apple.product-type.framework";
		};
/* End PBXNativeTarget section */

/* Begin PBXProject section */
		5D38A38420054F2B00172173 /* Project object */ = {
			isa = PBXProject;
			attributes = {
				LastSwiftUpdateCheck = 0920;
				LastUpgradeCheck = 0920;
				ORGANIZATIONNAME = "Manhart, John";
				TargetAttributes = {
					5D38A38B20054F2B00172173 = {
						CreatedOnToolsVersion = 9.2;
						ProvisioningStyle = Automatic;
					};
					5D38A3A520054F8600172173 = {
						CreatedOnToolsVersion = 9.2;
						ProvisioningStyle = Automatic;
					};
				};
			};
			buildConfigurationList = 5D38A38720054F2B00172173 /* Build configuration list for PBXProject "SandBox" */;
			compatibilityVersion = "Xcode 8.0";
			developmentRegion = en;
			hasScannedForEncodings = 0;
			knownRegions = (
				en,
				Base,
			);
			mainGroup = 5D38A38320054F2B00172173;
			productRefGroup = 5D38A38D20054F2B00172173 /* Products */;
			projectDirPath = "";
			projectRoot = "";
			targets = (
				5D38A38B20054F2B00172173 /* SandBox */,
				5D38A3A520054F8600172173 /* SandBoxUIFramework */,
			);
		};
/* End PBXProject section */

/* Begin PBXResourcesBuildPhase section */
		5D38A38A20054F2B00172173 /* Resources */ = {
			isa = PBXResourcesBuildPhase;
			buildActionMask = 2147483647;
			files = (
				5D38A39A20054F2B00172173 /* LaunchScreen.storyboard in Resources */,
				5D38A39720054F2B00172173 /* Assets.xcassets in Resources */,
				5D38A39520054F2B00172173 /* Main.storyboard in Resources */,
			);
			runOnlyForDeploymentPostprocessing = 0;
		};
		5D38A3A420054F8600172173 /* Resources */ = {
			isa = PBXResourcesBuildPhase;
			buildActionMask = 2147483647;
			files = (
			);
			runOnlyForDeploymentPostprocessing = 0;
		};
/* End PBXResourcesBuildPhase section */

/* Begin PBXShellScriptBuildPhase section */
		1CD448D08FC3999D306628D7 /* [CP] Check Pods Manifest.lock */ = {
			isa = PBXShellScriptBuildPhase;
			buildActionMask = 2147483647;
			files = (
			);
			inputPaths = (
				"${PODS_PODFILE_DIR_PATH}/Podfile.lock",
				"${PODS_ROOT}/Manifest.lock",
			);
			name = "[CP] Check Pods Manifest.lock";
			outputPaths = (
				"$(DERIVED_FILE_DIR)/Pods-SandBox-checkManifestLockResult.txt",
			);
			runOnlyForDeploymentPostprocessing = 0;
			shellPath = /bin/sh;
			shellScript = "diff \"${PODS_PODFILE_DIR_PATH}/Podfile.lock\" \"${PODS_ROOT}/Manifest.lock\" > /dev/null\nif [ $? != 0 ] ; then\n    # print error to STDERR\n    echo \"error: The sandbox is not in sync with the Podfile.lock. Run 'pod install' or update your CocoaPods installation.\" >&2\n    exit 1\nfi\n# This output is used by Xcode 'outputs' to avoid re-running this script phase.\necho \"SUCCESS\" > \"${SCRIPT_OUTPUT_FILE_0}\"\n";
			showEnvVarsInLog = 0;
		};
		288FB9094180C20F210F08F4 /* [CP] Copy Pods Resources */ = {
			isa = PBXShellScriptBuildPhase;
			buildActionMask = 2147483647;
			files = (
			);
			inputPaths = (
			);
			name = "[CP] Copy Pods Resources";
			outputPaths = (
			);
			runOnlyForDeploymentPostprocessing = 0;
			shellPath = /bin/sh;
			shellScript = "\"${SRCROOT}/Pods/Target Support Files/Pods-SandBox/Pods-SandBox-resources.sh\"\n";
			showEnvVarsInLog = 0;
		};
		3F98EA4F785425E5202AE202 /* [CP] Check Pods Manifest.lock */ = {
			isa = PBXShellScriptBuildPhase;
			buildActionMask = 2147483647;
			files = (
			);
			inputPaths = (
				"${PODS_PODFILE_DIR_PATH}/Podfile.lock",
				"${PODS_ROOT}/Manifest.lock",
			);
			name = "[CP] Check Pods Manifest.lock";
			outputPaths = (
				"$(DERIVED_FILE_DIR)/Pods-SandBoxUIFramework-checkManifestLockResult.txt",
			);
			runOnlyForDeploymentPostprocessing = 0;
			shellPath = /bin/sh;
			shellScript = "diff \"${PODS_PODFILE_DIR_PATH}/Podfile.lock\" \"${PODS_ROOT}/Manifest.lock\" > /dev/null\nif [ $? != 0 ] ; then\n    # print error to STDERR\n    echo \"error: The sandbox is not in sync with the Podfile.lock. Run 'pod install' or update your CocoaPods installation.\" >&2\n    exit 1\nfi\n# This output is used by Xcode 'outputs' to avoid re-running this script phase.\necho \"SUCCESS\" > \"${SCRIPT_OUTPUT_FILE_0}\"\n";
			showEnvVarsInLog = 0;
		};
		979F3E25D497D87B04B729F3 /* [CP] Copy Pods Resources */ = {
			isa = PBXShellScriptBuildPhase;
			buildActionMask = 2147483647;
			files = (
			);
			inputPaths = (
			);
			name = "[CP] Copy Pods Resources";
			outputPaths = (
			);
			runOnlyForDeploymentPostprocessing = 0;
			shellPath = /bin/sh;
			shellScript = "\"${SRCROOT}/Pods/Target Support Files/Pods-SandBoxUIFramework/Pods-SandBoxUIFramework-resources.sh\"\n";
			showEnvVarsInLog = 0;
		};
		C6FD57D9925968C405743AB2 /* [CP] Embed Pods Frameworks */ = {
			isa = PBXShellScriptBuildPhase;
			buildActionMask = 2147483647;
			files = (
			);
			inputPaths = (
				"${SRCROOT}/Pods/Target Support Files/Pods-SandBox/Pods-SandBox-frameworks.sh",
				"${BUILT_PRODUCTS_DIR}/Cartography/Cartography.framework",
			);
			name = "[CP] Embed Pods Frameworks";
			outputPaths = (
				"${TARGET_BUILD_DIR}/${FRAMEWORKS_FOLDER_PATH}/Cartography.framework",
			);
			runOnlyForDeploymentPostprocessing = 0;
			shellPath = /bin/sh;
			shellScript = "\"${SRCROOT}/Pods/Target Support Files/Pods-SandBox/Pods-SandBox-frameworks.sh\"\n";
			showEnvVarsInLog = 0;
		};
/* End PBXShellScriptBuildPhase section */

/* Begin PBXSourcesBuildPhase section */
		5D38A38820054F2B00172173 /* Sources */ = {
			isa = PBXSourcesBuildPhase;
			buildActionMask = 2147483647;
			files = (
				5D38A39220054F2B00172173 /* ViewController.swift in Sources */,
				5D38A3B52005502300172173 /* File.swift in Sources */,
				5D38A39020054F2B00172173 /* AppDelegate.swift in Sources */,
			);
			runOnlyForDeploymentPostprocessing = 0;
		};
		5D38A3A120054F8600172173 /* Sources */ = {
			isa = PBXSourcesBuildPhase;
			buildActionMask = 2147483647;
			files = (
				5D38A3B320054FE100172173 /* AppDelegate.swift in Sources */,
				5D38A3B62005502300172173 /* File.swift in Sources */,
			);
			runOnlyForDeploymentPostprocessing = 0;
		};
/* End PBXSourcesBuildPhase section */

/* Begin PBXTargetDependency section */
		5D38A3AC20054F8700172173 /* PBXTargetDependency */ = {
			isa = PBXTargetDependency;
			target = 5D38A3A520054F8600172173 /* SandBoxUIFramework */;
			targetProxy = 5D38A3AB20054F8700172173 /* PBXContainerItemProxy */;
		};
/* End PBXTargetDependency section */

/* Begin PBXVariantGroup section */
		5D38A39320054F2B00172173 /* Main.storyboard */ = {
			isa = PBXVariantGroup;
			children = (
				5D38A39420054F2B00172173 /* Base */,
			);
			name = Main.storyboard;
			sourceTree = "<group>";
		};
		5D38A39820054F2B00172173 /* LaunchScreen.storyboard */ = {
			isa = PBXVariantGroup;
			children = (
				5D38A39920054F2B00172173 /* Base */,
			);
			name = LaunchScreen.storyboard;
			sourceTree = "<group>";
		};
/* End PBXVariantGroup section */

/* Begin XCBuildConfiguration section */
		5D38A39C20054F2B00172173 /* Debug */ = {
			isa = XCBuildConfiguration;
			buildSettings = {
				ALWAYS_SEARCH_USER_PATHS = NO;
				CLANG_ANALYZER_NONNULL = YES;
				CLANG_ANALYZER_NUMBER_OBJECT_CONVERSION = YES_AGGRESSIVE;
				CLANG_CXX_LANGUAGE_STANDARD = "gnu++14";
				CLANG_CXX_LIBRARY = "libc++";
				CLANG_ENABLE_MODULES = YES;
				CLANG_ENABLE_OBJC_ARC = YES;
				CLANG_WARN_BLOCK_CAPTURE_AUTORELEASING = YES;
				CLANG_WARN_BOOL_CONVERSION = YES;
				CLANG_WARN_COMMA = YES;
				CLANG_WARN_CONSTANT_CONVERSION = YES;
				CLANG_WARN_DIRECT_OBJC_ISA_USAGE = YES_ERROR;
				CLANG_WARN_DOCUMENTATION_COMMENTS = YES;
				CLANG_WARN_EMPTY_BODY = YES;
				CLANG_WARN_ENUM_CONVERSION = YES;
				CLANG_WARN_INFINITE_RECURSION = YES;
				CLANG_WARN_INT_CONVERSION = YES;
				CLANG_WARN_NON_LITERAL_NULL_CONVERSION = YES;
				CLANG_WARN_OBJC_LITERAL_CONVERSION = YES;
				CLANG_WARN_OBJC_ROOT_CLASS = YES_ERROR;
				CLANG_WARN_RANGE_LOOP_ANALYSIS = YES;
				CLANG_WARN_STRICT_PROTOTYPES = YES;
				CLANG_WARN_SUSPICIOUS_MOVE = YES;
				CLANG_WARN_UNGUARDED_AVAILABILITY = YES_AGGRESSIVE;
				CLANG_WARN_UNREACHABLE_CODE = YES;
				CLANG_WARN__DUPLICATE_METHOD_MATCH = YES;
				CODE_SIGN_IDENTITY = "iPhone Developer";
				COPY_PHASE_STRIP = NO;
				DEBUG_INFORMATION_FORMAT = dwarf;
				ENABLE_STRICT_OBJC_MSGSEND = YES;
				ENABLE_TESTABILITY = YES;
				GCC_C_LANGUAGE_STANDARD = gnu11;
				GCC_DYNAMIC_NO_PIC = NO;
				GCC_NO_COMMON_BLOCKS = YES;
				GCC_OPTIMIZATION_LEVEL = 0;
				GCC_PREPROCESSOR_DEFINITIONS = (
					"DEBUG=1",
					"$(inherited)",
				);
				GCC_WARN_64_TO_32_BIT_CONVERSION = YES;
				GCC_WARN_ABOUT_RETURN_TYPE = YES_ERROR;
				GCC_WARN_UNDECLARED_SELECTOR = YES;
				GCC_WARN_UNINITIALIZED_AUTOS = YES_AGGRESSIVE;
				GCC_WARN_UNUSED_FUNCTION = YES;
				GCC_WARN_UNUSED_VARIABLE = YES;
				IPHONEOS_DEPLOYMENT_TARGET = 11.2;
				MTL_ENABLE_DEBUG_INFO = YES;
				ONLY_ACTIVE_ARCH = YES;
				SDKROOT = iphoneos;
				SWIFT_ACTIVE_COMPILATION_CONDITIONS = DEBUG;
				SWIFT_OPTIMIZATION_LEVEL = "-Onone";
			};
			name = Debug;
		};
		5D38A39D20054F2B00172173 /* Release */ = {
			isa = XCBuildConfiguration;
			buildSettings = {
				ALWAYS_SEARCH_USER_PATHS = NO;
				CLANG_ANALYZER_NONNULL = YES;
				CLANG_ANALYZER_NUMBER_OBJECT_CONVERSION = YES_AGGRESSIVE;
				CLANG_CXX_LANGUAGE_STANDARD = "gnu++14";
				CLANG_CXX_LIBRARY = "libc++";
				CLANG_ENABLE_MODULES = YES;
				CLANG_ENABLE_OBJC_ARC = YES;
				CLANG_WARN_BLOCK_CAPTURE_AUTORELEASING = YES;
				CLANG_WARN_BOOL_CONVERSION = YES;
				CLANG_WARN_COMMA = YES;
				CLANG_WARN_CONSTANT_CONVERSION = YES;
				CLANG_WARN_DIRECT_OBJC_ISA_USAGE = YES_ERROR;
				CLANG_WARN_DOCUMENTATION_COMMENTS = YES;
				CLANG_WARN_EMPTY_BODY = YES;
				CLANG_WARN_ENUM_CONVERSION = YES;
				CLANG_WARN_INFINITE_RECURSION = YES;
				CLANG_WARN_INT_CONVERSION = YES;
				CLANG_WARN_NON_LITERAL_NULL_CONVERSION = YES;
				CLANG_WARN_OBJC_LITERAL_CONVERSION = YES;
				CLANG_WARN_OBJC_ROOT_CLASS = YES_ERROR;
				CLANG_WARN_RANGE_LOOP_ANALYSIS = YES;
				CLANG_WARN_STRICT_PROTOTYPES = YES;
				CLANG_WARN_SUSPICIOUS_MOVE = YES;
				CLANG_WARN_UNGUARDED_AVAILABILITY = YES_AGGRESSIVE;
				CLANG_WARN_UNREACHABLE_CODE = YES;
				CLANG_WARN__DUPLICATE_METHOD_MATCH = YES;
				CODE_SIGN_IDENTITY = "iPhone Developer";
				COPY_PHASE_STRIP = NO;
				DEBUG_INFORMATION_FORMAT = "dwarf-with-dsym";
				ENABLE_NS_ASSERTIONS = NO;
				ENABLE_STRICT_OBJC_MSGSEND = YES;
				GCC_C_LANGUAGE_STANDARD = gnu11;
				GCC_NO_COMMON_BLOCKS = YES;
				GCC_WARN_64_TO_32_BIT_CONVERSION = YES;
				GCC_WARN_ABOUT_RETURN_TYPE = YES_ERROR;
				GCC_WARN_UNDECLARED_SELECTOR = YES;
				GCC_WARN_UNINITIALIZED_AUTOS = YES_AGGRESSIVE;
				GCC_WARN_UNUSED_FUNCTION = YES;
				GCC_WARN_UNUSED_VARIABLE = YES;
				IPHONEOS_DEPLOYMENT_TARGET = 11.2;
				MTL_ENABLE_DEBUG_INFO = NO;
				SDKROOT = iphoneos;
				SWIFT_OPTIMIZATION_LEVEL = "-Owholemodule";
				VALIDATE_PRODUCT = YES;
			};
			name = Release;
		};
		5D38A39F20054F2B00172173 /* Debug */ = {
			isa = XCBuildConfiguration;
			baseConfigurationReference = 746C6F97F2C731F1569F0EFD /* Pods-SandBox.debug.xcconfig */;
			buildSettings = {
				ALWAYS_EMBED_SWIFT_STANDARD_LIBRARIES = YES;
				ASSETCATALOG_COMPILER_APPICON_NAME = AppIcon;
				CODE_SIGN_STYLE = Automatic;
				INFOPLIST_FILE = SandBox/Info.plist;
				LD_RUNPATH_SEARCH_PATHS = "$(inherited) @executable_path/Frameworks";
				PRODUCT_BUNDLE_IDENTIFIER = manhart.SandBox;
				PRODUCT_NAME = "$(TARGET_NAME)";
				SWIFT_VERSION = 4.0;
				TARGETED_DEVICE_FAMILY = "1,2";
			};
			name = Debug;
		};
		5D38A3A020054F2B00172173 /* Release */ = {
			isa = XCBuildConfiguration;
			baseConfigurationReference = 62A8C6CCECC2B6B8A3588348 /* Pods-SandBox.release.xcconfig */;
			buildSettings = {
				ALWAYS_EMBED_SWIFT_STANDARD_LIBRARIES = YES;
				ASSETCATALOG_COMPILER_APPICON_NAME = AppIcon;
				CODE_SIGN_STYLE = Automatic;
				INFOPLIST_FILE = SandBox/Info.plist;
				LD_RUNPATH_SEARCH_PATHS = "$(inherited) @executable_path/Frameworks";
				PRODUCT_BUNDLE_IDENTIFIER = manhart.SandBox;
				PRODUCT_NAME = "$(TARGET_NAME)";
				SWIFT_VERSION = 4.0;
				TARGETED_DEVICE_FAMILY = "1,2";
			};
			name = Release;
		};
		5D38A3AF20054F8700172173 /* Debug */ = {
			isa = XCBuildConfiguration;
			baseConfigurationReference = CDF3B044CD7D3A869CBCD1FD /* Pods-SandBoxUIFramework.debug.xcconfig */;
			buildSettings = {
				CODE_SIGN_IDENTITY = "";
				CODE_SIGN_STYLE = Automatic;
				CURRENT_PROJECT_VERSION = 1;
				DEFINES_MODULE = YES;
				DYLIB_COMPATIBILITY_VERSION = 1;
				DYLIB_CURRENT_VERSION = 1;
				DYLIB_INSTALL_NAME_BASE = "@rpath";
				INFOPLIST_FILE = SandBoxUIFramework/Info.plist;
				INSTALL_PATH = "$(LOCAL_LIBRARY_DIR)/Frameworks";
				LD_RUNPATH_SEARCH_PATHS = "$(inherited) @executable_path/Frameworks @loader_path/Frameworks";
				PRODUCT_BUNDLE_IDENTIFIER = manhart.SandBoxUIFramework;
				PRODUCT_NAME = "$(TARGET_NAME:c99extidentifier)";
				SKIP_INSTALL = YES;
				SWIFT_VERSION = 4.0;
				TARGETED_DEVICE_FAMILY = "1,2";
				VERSIONING_SYSTEM = "apple-generic";
				VERSION_INFO_PREFIX = "";
			};
			name = Debug;
		};
		5D38A3B020054F8700172173 /* Release */ = {
			isa = XCBuildConfiguration;
			baseConfigurationReference = 7AFBC24354F28CA0C6745825 /* Pods-SandBoxUIFramework.release.xcconfig */;
			buildSettings = {
				CODE_SIGN_IDENTITY = "";
				CODE_SIGN_STYLE = Automatic;
				CURRENT_PROJECT_VERSION = 1;
				DEFINES_MODULE = YES;
				DYLIB_COMPATIBILITY_VERSION = 1;
				DYLIB_CURRENT_VERSION = 1;
				DYLIB_INSTALL_NAME_BASE = "@rpath";
				INFOPLIST_FILE = SandBoxUIFramework/Info.plist;
				INSTALL_PATH = "$(LOCAL_LIBRARY_DIR)/Frameworks";
				LD_RUNPATH_SEARCH_PATHS = "$(inherited) @executable_path/Frameworks @loader_path/Frameworks";
				PRODUCT_BUNDLE_IDENTIFIER = manhart.SandBoxUIFramework;
				PRODUCT_NAME = "$(TARGET_NAME:c99extidentifier)";
				SKIP_INSTALL = YES;
				SWIFT_VERSION = 4.0;
				TARGETED_DEVICE_FAMILY = "1,2";
				VERSIONING_SYSTEM = "apple-generic";
				VERSION_INFO_PREFIX = "";
			};
			name = Release;
		};
/* End XCBuildConfiguration section */

/* Begin XCConfigurationList section */
		5D38A38720054F2B00172173 /* Build configuration list for PBXProject "SandBox" */ = {
			isa = XCConfigurationList;
			buildConfigurations = (
				5D38A39C20054F2B00172173 /* Debug */,
				5D38A39D20054F2B00172173 /* Release */,
			);
			defaultConfigurationIsVisible = 0;
			defaultConfigurationName = Release;
		};
		5D38A39E20054F2B00172173 /* Build configuration list for PBXNativeTarget "SandBox" */ = {
			isa = XCConfigurationList;
			buildConfigurations = (
				5D38A39F20054F2B00172173 /* Debug */,
				5D38A3A020054F2B00172173 /* Release */,
			);
			defaultConfigurationIsVisible = 0;
			defaultConfigurationName = Release;
		};
		5D38A3B120054F8700172173 /* Build configuration list for PBXNativeTarget "SandBoxUIFramework" */ = {
			isa = XCConfigurationList;
			buildConfigurations = (
				5D38A3AF20054F8700172173 /* Debug */,
				5D38A3B020054F8700172173 /* Release */,
			);
			defaultConfigurationIsVisible = 0;
			defaultConfigurationName = Release;
		};
/* End XCConfigurationList section */
	};
	rootObject = 5D38A38420054F2B00172173 /* Project object */;
}
